
Microsoft Visual Studio Solution File, Format Version 12.00
# Visual Studio Version 17
VisualStudioVersion = 17.8.34525.116
MinimumVisualStudioVersion = 10.0.40219.1
Project("{FAE04EC0-301F-11D3-BF4B-00C04F79EFBC}") = "LR2", "LR2\LR2.csproj", "{418F6B99-2054-4FC3-957A-ACFA8FF046C9}"
EndProject
Global
	GlobalSection(SolutionConfigurationPlatforms) = preSolution
		Debug|Any CPU = Debug|Any CPU
		Release|Any CPU = Release|Any CPU
	EndGlobalSection
	GlobalSection(ProjectConfigurationPlatforms) = postSolution
		{418F6B99-2054-4FC3-957A-ACFA8FF046C9}.Debug|Any CPU.ActiveCfg = Debug|Any CPU
		{418F6B99-2054-4FC3-957A-ACFA8FF046C9}.Debug|Any CPU.Build.0 = Debug|Any CPU
		{418F6B99-2054-4FC3-957A-ACFA8FF046C9}.Release|Any CPU.ActiveCfg = Release|Any CPU
		{418F6B99-2054-4FC3-957A-ACFA8FF046C9}.Release|Any CPU.Build.0 = Release|Any CPU
	EndGlobalSection
	GlobalSection(SolutionProperties) = preSolution
		HideSolutionNode = FALSE
	EndGlobalSection
	GlobalSection(ExtensibilityGlobals) = postSolution
		SolutionGuid = {7E4DB7C2-E859-4DBC-BABD-EF4025964A25}
	EndGlobalSection
EndGlobal
